// !$*UTF8*$!
{
	archiveVersion = 1;
	classes = {
	};
	objectVersion = 56;
	objects = {

/* Begin PBXBuildFile section */
		E4079E612B4EF16C0035578C /* JapanCastleBook.framework in Frameworks */ = {isa = PBXBuildFile; fileRef = E4079E582B4EF16C0035578C /* JapanCastleBook.framework */; };
		E4079E672B4EF16C0035578C /* JapanCastleBook.h in Headers */ = {isa = PBXBuildFile; fileRef = E4079E5B2B4EF16C0035578C /* JapanCastleBook.h */; settings = {ATTRIBUTES = (Public, ); }; };
		E49739E42B4F4D8E00620075 /* CastleItemMapperTests.swift in Sources */ = {isa = PBXBuildFile; fileRef = E49739E32B4F4D8E00620075 /* CastleItemMapperTests.swift */; };
		E49739E72B4F4DCA00620075 /* CastleItemMapper.swift in Sources */ = {isa = PBXBuildFile; fileRef = E49739E62B4F4DCA00620075 /* CastleItemMapper.swift */; };
		E49739ED2B4F4F6000620075 /* Castle.swift in Sources */ = {isa = PBXBuildFile; fileRef = E49739EC2B4F4F6000620075 /* Castle.swift */; };
		E49739EF2B4F543900620075 /* CastleService.swift in Sources */ = {isa = PBXBuildFile; fileRef = E49739EE2B4F543900620075 /* CastleService.swift */; };
		E49739F12B4F544C00620075 /* LocalCastleService.swift in Sources */ = {isa = PBXBuildFile; fileRef = E49739F02B4F544C00620075 /* LocalCastleService.swift */; };
		E49739F32B4F547100620075 /* LocalCastleServiceIntegrationTests.swift in Sources */ = {isa = PBXBuildFile; fileRef = E49739F22B4F547100620075 /* LocalCastleServiceIntegrationTests.swift */; };
		E49739F42B4F54C300620075 /* castles.json in Resources */ = {isa = PBXBuildFile; fileRef = E49739E92B4F4F0D00620075 /* castles.json */; };
		E49739F52B4F54C400620075 /* castles.json in Resources */ = {isa = PBXBuildFile; fileRef = E49739E92B4F4F0D00620075 /* castles.json */; };
		E49739F72B4F563C00620075 /* XCTestCase+MemoryLeakTracking.swift in Sources */ = {isa = PBXBuildFile; fileRef = E49739F62B4F563C00620075 /* XCTestCase+MemoryLeakTracking.swift */; };
		E4973A012B4F56AD00620075 /* AppDelegate.swift in Sources */ = {isa = PBXBuildFile; fileRef = E4973A002B4F56AD00620075 /* AppDelegate.swift */; };
		E4973A032B4F56AD00620075 /* SceneDelegate.swift in Sources */ = {isa = PBXBuildFile; fileRef = E4973A022B4F56AD00620075 /* SceneDelegate.swift */; };
		E4973A0B2B4F56AD00620075 /* JapanCastleBookiOS.xcdatamodeld in Sources */ = {isa = PBXBuildFile; fileRef = E4973A092B4F56AD00620075 /* JapanCastleBookiOS.xcdatamodeld */; };
		E4973A0D2B4F56AE00620075 /* Assets.xcassets in Resources */ = {isa = PBXBuildFile; fileRef = E4973A0C2B4F56AE00620075 /* Assets.xcassets */; };
		E4973A102B4F56AE00620075 /* LaunchScreen.storyboard in Resources */ = {isa = PBXBuildFile; fileRef = E4973A0E2B4F56AE00620075 /* LaunchScreen.storyboard */; };
		E4973A1B2B4F56AE00620075 /* JapanCastleBookiOSTests.swift in Sources */ = {isa = PBXBuildFile; fileRef = E4973A1A2B4F56AE00620075 /* JapanCastleBookiOSTests.swift */; };
		E4973A352B4F57D000620075 /* ViewController.swift in Sources */ = {isa = PBXBuildFile; fileRef = E4973A342B4F57D000620075 /* ViewController.swift */; };
		E4973A382B4F57EB00620075 /* SnapKit in Frameworks */ = {isa = PBXBuildFile; productRef = E4973A372B4F57EB00620075 /* SnapKit */; };
		E4973A3A2B4F57FD00620075 /* Base.swift in Sources */ = {isa = PBXBuildFile; fileRef = E4973A392B4F57FD00620075 /* Base.swift */; };
		E4973A3D2B4F581B00620075 /* Coordinator.swift in Sources */ = {isa = PBXBuildFile; fileRef = E4973A3C2B4F581B00620075 /* Coordinator.swift */; };
		E4973A3F2B4F585C00620075 /* AppCoordinator.swift in Sources */ = {isa = PBXBuildFile; fileRef = E4973A3E2B4F585C00620075 /* AppCoordinator.swift */; };
		E4973A432B4F587E00620075 /* CoordinatorFactory.swift in Sources */ = {isa = PBXBuildFile; fileRef = E4973A422B4F587E00620075 /* CoordinatorFactory.swift */; };
		E4973A452B4F589000620075 /* TabCoordinator.swift in Sources */ = {isa = PBXBuildFile; fileRef = E4973A442B4F589000620075 /* TabCoordinator.swift */; };
		E4973A482B4F58DB00620075 /* Icon.swift in Sources */ = {isa = PBXBuildFile; fileRef = E4973A472B4F58DB00620075 /* Icon.swift */; };
		E4973A4B2B4F58FC00620075 /* Text.swift in Sources */ = {isa = PBXBuildFile; fileRef = E4973A4A2B4F58FC00620075 /* Text.swift */; };
		E4973A4D2B4F590600620075 /* Text+TabCoordinator.swift in Sources */ = {isa = PBXBuildFile; fileRef = E4973A4C2B4F590600620075 /* Text+TabCoordinator.swift */; };
		E4973A4F2B4F593600620075 /* Localizable.xcstrings in Resources */ = {isa = PBXBuildFile; fileRef = E4973A4E2B4F593600620075 /* Localizable.xcstrings */; };
		E4973A512B4F5A6500620075 /* CastleListCoordinator.swift in Sources */ = {isa = PBXBuildFile; fileRef = E4973A502B4F5A6500620075 /* CastleListCoordinator.swift */; };
		E4973A592B4F5B6200620075 /* JapanCastleBook.framework in Frameworks */ = {isa = PBXBuildFile; fileRef = E4079E582B4EF16C0035578C /* JapanCastleBook.framework */; };
		E4973A5A2B4F5B6200620075 /* JapanCastleBook.framework in Embed Frameworks */ = {isa = PBXBuildFile; fileRef = E4079E582B4EF16C0035578C /* JapanCastleBook.framework */; settings = {ATTRIBUTES = (CodeSignOnCopy, RemoveHeadersOnCopy, ); }; };
/* End PBXBuildFile section */

/* Begin PBXContainerItemProxy section */
		E4079E622B4EF16C0035578C /* PBXContainerItemProxy */ = {
			isa = PBXContainerItemProxy;
			containerPortal = E4079E4F2B4EF16C0035578C /* Project object */;
			proxyType = 1;
			remoteGlobalIDString = E4079E572B4EF16C0035578C;
			remoteInfo = JapanCastleBook;
		};
		E4973A172B4F56AE00620075 /* PBXContainerItemProxy */ = {
			isa = PBXContainerItemProxy;
			containerPortal = E4079E4F2B4EF16C0035578C /* Project object */;
			proxyType = 1;
			remoteGlobalIDString = E49739FD2B4F56AD00620075;
			remoteInfo = JapanCastleBookiOS;
		};
		E4973A5B2B4F5B6300620075 /* PBXContainerItemProxy */ = {
			isa = PBXContainerItemProxy;
			containerPortal = E4079E4F2B4EF16C0035578C /* Project object */;
			proxyType = 1;
			remoteGlobalIDString = E4079E572B4EF16C0035578C;
			remoteInfo = JapanCastleBook;
		};
/* End PBXContainerItemProxy section */

/* Begin PBXCopyFilesBuildPhase section */
		E4973A5D2B4F5B6300620075 /* Embed Frameworks */ = {
			isa = PBXCopyFilesBuildPhase;
			buildActionMask = 2147483647;
			dstPath = "";
			dstSubfolderSpec = 10;
			files = (
				E4973A5A2B4F5B6200620075 /* JapanCastleBook.framework in Embed Frameworks */,
			);
			name = "Embed Frameworks";
			runOnlyForDeploymentPostprocessing = 0;
		};
/* End PBXCopyFilesBuildPhase section */

/* Begin PBXFileReference section */
		E4079E582B4EF16C0035578C /* JapanCastleBook.framework */ = {isa = PBXFileReference; explicitFileType = wrapper.framework; includeInIndex = 0; path = JapanCastleBook.framework; sourceTree = BUILT_PRODUCTS_DIR; };
		E4079E5B2B4EF16C0035578C /* JapanCastleBook.h */ = {isa = PBXFileReference; lastKnownFileType = sourcecode.c.h; path = JapanCastleBook.h; sourceTree = "<group>"; };
		E4079E602B4EF16C0035578C /* JapanCastleBookTests.xctest */ = {isa = PBXFileReference; explicitFileType = wrapper.cfbundle; includeInIndex = 0; path = JapanCastleBookTests.xctest; sourceTree = BUILT_PRODUCTS_DIR; };
		E49739E32B4F4D8E00620075 /* CastleItemMapperTests.swift */ = {isa = PBXFileReference; lastKnownFileType = sourcecode.swift; path = CastleItemMapperTests.swift; sourceTree = "<group>"; };
		E49739E62B4F4DCA00620075 /* CastleItemMapper.swift */ = {isa = PBXFileReference; lastKnownFileType = sourcecode.swift; path = CastleItemMapper.swift; sourceTree = "<group>"; };
		E49739E92B4F4F0D00620075 /* castles.json */ = {isa = PBXFileReference; lastKnownFileType = text.json; path = castles.json; sourceTree = "<group>"; };
		E49739EC2B4F4F6000620075 /* Castle.swift */ = {isa = PBXFileReference; lastKnownFileType = sourcecode.swift; path = Castle.swift; sourceTree = "<group>"; };
		E49739EE2B4F543900620075 /* CastleService.swift */ = {isa = PBXFileReference; lastKnownFileType = sourcecode.swift; path = CastleService.swift; sourceTree = "<group>"; };
		E49739F02B4F544C00620075 /* LocalCastleService.swift */ = {isa = PBXFileReference; lastKnownFileType = sourcecode.swift; path = LocalCastleService.swift; sourceTree = "<group>"; };
		E49739F22B4F547100620075 /* LocalCastleServiceIntegrationTests.swift */ = {isa = PBXFileReference; lastKnownFileType = sourcecode.swift; path = LocalCastleServiceIntegrationTests.swift; sourceTree = "<group>"; };
		E49739F62B4F563C00620075 /* XCTestCase+MemoryLeakTracking.swift */ = {isa = PBXFileReference; lastKnownFileType = sourcecode.swift; path = "XCTestCase+MemoryLeakTracking.swift"; sourceTree = "<group>"; };
		E49739FE2B4F56AD00620075 /* JapanCastleBookiOS.app */ = {isa = PBXFileReference; explicitFileType = wrapper.application; includeInIndex = 0; path = JapanCastleBookiOS.app; sourceTree = BUILT_PRODUCTS_DIR; };
		E4973A002B4F56AD00620075 /* AppDelegate.swift */ = {isa = PBXFileReference; lastKnownFileType = sourcecode.swift; path = AppDelegate.swift; sourceTree = "<group>"; };
		E4973A022B4F56AD00620075 /* SceneDelegate.swift */ = {isa = PBXFileReference; lastKnownFileType = sourcecode.swift; path = SceneDelegate.swift; sourceTree = "<group>"; };
		E4973A0A2B4F56AD00620075 /* JapanCastleBookiOS.xcdatamodel */ = {isa = PBXFileReference; lastKnownFileType = wrapper.xcdatamodel; path = JapanCastleBookiOS.xcdatamodel; sourceTree = "<group>"; };
		E4973A0C2B4F56AE00620075 /* Assets.xcassets */ = {isa = PBXFileReference; lastKnownFileType = folder.assetcatalog; path = Assets.xcassets; sourceTree = "<group>"; };
		E4973A0F2B4F56AE00620075 /* Base */ = {isa = PBXFileReference; lastKnownFileType = file.storyboard; name = Base; path = Base.lproj/LaunchScreen.storyboard; sourceTree = "<group>"; };
		E4973A112B4F56AE00620075 /* Info.plist */ = {isa = PBXFileReference; lastKnownFileType = text.plist.xml; path = Info.plist; sourceTree = "<group>"; };
		E4973A162B4F56AE00620075 /* JapanCastleBookiOSTests.xctest */ = {isa = PBXFileReference; explicitFileType = wrapper.cfbundle; includeInIndex = 0; path = JapanCastleBookiOSTests.xctest; sourceTree = BUILT_PRODUCTS_DIR; };
		E4973A1A2B4F56AE00620075 /* JapanCastleBookiOSTests.swift */ = {isa = PBXFileReference; lastKnownFileType = sourcecode.swift; path = JapanCastleBookiOSTests.swift; sourceTree = "<group>"; };
		E4973A342B4F57D000620075 /* ViewController.swift */ = {isa = PBXFileReference; lastKnownFileType = sourcecode.swift; path = ViewController.swift; sourceTree = "<group>"; };
		E4973A392B4F57FD00620075 /* Base.swift */ = {isa = PBXFileReference; lastKnownFileType = sourcecode.swift; path = Base.swift; sourceTree = "<group>"; };
		E4973A3C2B4F581B00620075 /* Coordinator.swift */ = {isa = PBXFileReference; lastKnownFileType = sourcecode.swift; path = Coordinator.swift; sourceTree = "<group>"; };
		E4973A3E2B4F585C00620075 /* AppCoordinator.swift */ = {isa = PBXFileReference; lastKnownFileType = sourcecode.swift; path = AppCoordinator.swift; sourceTree = "<group>"; };
		E4973A422B4F587E00620075 /* CoordinatorFactory.swift */ = {isa = PBXFileReference; lastKnownFileType = sourcecode.swift; path = CoordinatorFactory.swift; sourceTree = "<group>"; };
		E4973A442B4F589000620075 /* TabCoordinator.swift */ = {isa = PBXFileReference; lastKnownFileType = sourcecode.swift; path = TabCoordinator.swift; sourceTree = "<group>"; };
		E4973A472B4F58DB00620075 /* Icon.swift */ = {isa = PBXFileReference; lastKnownFileType = sourcecode.swift; path = Icon.swift; sourceTree = "<group>"; };
		E4973A4A2B4F58FC00620075 /* Text.swift */ = {isa = PBXFileReference; lastKnownFileType = sourcecode.swift; path = Text.swift; sourceTree = "<group>"; };
		E4973A4C2B4F590600620075 /* Text+TabCoordinator.swift */ = {isa = PBXFileReference; lastKnownFileType = sourcecode.swift; path = "Text+TabCoordinator.swift"; sourceTree = "<group>"; };
		E4973A4E2B4F593600620075 /* Localizable.xcstrings */ = {isa = PBXFileReference; lastKnownFileType = text.json.xcstrings; path = Localizable.xcstrings; sourceTree = "<group>"; };
		E4973A502B4F5A6500620075 /* CastleListCoordinator.swift */ = {isa = PBXFileReference; lastKnownFileType = sourcecode.swift; path = CastleListCoordinator.swift; sourceTree = "<group>"; };
/* End PBXFileReference section */

/* Begin PBXFrameworksBuildPhase section */
		E4079E552B4EF16C0035578C /* Frameworks */ = {
			isa = PBXFrameworksBuildPhase;
			buildActionMask = 2147483647;
			files = (
			);
			runOnlyForDeploymentPostprocessing = 0;
		};
		E4079E5D2B4EF16C0035578C /* Frameworks */ = {
			isa = PBXFrameworksBuildPhase;
			buildActionMask = 2147483647;
			files = (
				E4079E612B4EF16C0035578C /* JapanCastleBook.framework in Frameworks */,
			);
			runOnlyForDeploymentPostprocessing = 0;
		};
		E49739FB2B4F56AD00620075 /* Frameworks */ = {
			isa = PBXFrameworksBuildPhase;
			buildActionMask = 2147483647;
			files = (
				E4973A592B4F5B6200620075 /* JapanCastleBook.framework in Frameworks */,
				E4973A382B4F57EB00620075 /* SnapKit in Frameworks */,
			);
			runOnlyForDeploymentPostprocessing = 0;
		};
		E4973A132B4F56AE00620075 /* Frameworks */ = {
			isa = PBXFrameworksBuildPhase;
			buildActionMask = 2147483647;
			files = (
			);
			runOnlyForDeploymentPostprocessing = 0;
		};
/* End PBXFrameworksBuildPhase section */

/* Begin PBXGroup section */
		E4079E4E2B4EF16C0035578C = {
			isa = PBXGroup;
			children = (
				E4079E5A2B4EF16C0035578C /* JapanCastleBook */,
				E4079E642B4EF16C0035578C /* JapanCastleBookTests */,
				E49739FF2B4F56AD00620075 /* JapanCastleBookiOS */,
				E4973A192B4F56AE00620075 /* JapanCastleBookiOSTests */,
				E4079E592B4EF16C0035578C /* Products */,
				E4973A582B4F5B6200620075 /* Frameworks */,
			);
			sourceTree = "<group>";
		};
		E4079E592B4EF16C0035578C /* Products */ = {
			isa = PBXGroup;
			children = (
				E4079E582B4EF16C0035578C /* JapanCastleBook.framework */,
				E4079E602B4EF16C0035578C /* JapanCastleBookTests.xctest */,
				E49739FE2B4F56AD00620075 /* JapanCastleBookiOS.app */,
				E4973A162B4F56AE00620075 /* JapanCastleBookiOSTests.xctest */,
			);
			name = Products;
			sourceTree = "<group>";
		};
		E4079E5A2B4EF16C0035578C /* JapanCastleBook */ = {
			isa = PBXGroup;
			children = (
				E49739EB2B4F4F4B00620075 /* Castle Feature */,
				E49739E52B4F4DBF00620075 /* Castle Loader */,
				E4079E5B2B4EF16C0035578C /* JapanCastleBook.h */,
			);
			path = JapanCastleBook;
			sourceTree = "<group>";
		};
		E4079E642B4EF16C0035578C /* JapanCastleBookTests */ = {
			isa = PBXGroup;
			children = (
				E49739F92B4F568200620075 /* Shared Helpers */,
				E49739F82B4F566E00620075 /* Castle Loader */,
			);
			path = JapanCastleBookTests;
			sourceTree = "<group>";
		};
		E49739E52B4F4DBF00620075 /* Castle Loader */ = {
			isa = PBXGroup;
			children = (
				E49739E82B4F4F0600620075 /* Data */,
				E49739E62B4F4DCA00620075 /* CastleItemMapper.swift */,
				E49739EE2B4F543900620075 /* CastleService.swift */,
				E49739F02B4F544C00620075 /* LocalCastleService.swift */,
			);
			path = "Castle Loader";
			sourceTree = "<group>";
		};
		E49739E82B4F4F0600620075 /* Data */ = {
			isa = PBXGroup;
			children = (
				E49739E92B4F4F0D00620075 /* castles.json */,
			);
			path = Data;
			sourceTree = "<group>";
		};
		E49739EB2B4F4F4B00620075 /* Castle Feature */ = {
			isa = PBXGroup;
			children = (
				E49739EC2B4F4F6000620075 /* Castle.swift */,
			);
			path = "Castle Feature";
			sourceTree = "<group>";
		};
		E49739F82B4F566E00620075 /* Castle Loader */ = {
			isa = PBXGroup;
			children = (
				E49739E32B4F4D8E00620075 /* CastleItemMapperTests.swift */,
				E49739F22B4F547100620075 /* LocalCastleServiceIntegrationTests.swift */,
			);
			path = "Castle Loader";
			sourceTree = "<group>";
		};
		E49739F92B4F568200620075 /* Shared Helpers */ = {
			isa = PBXGroup;
			children = (
				E49739F62B4F563C00620075 /* XCTestCase+MemoryLeakTracking.swift */,
			);
			path = "Shared Helpers";
			sourceTree = "<group>";
		};
		E49739FF2B4F56AD00620075 /* JapanCastleBookiOS */ = {
			isa = PBXGroup;
			children = (
				E4973A3B2B4F580800620075 /* Navigation */,
				E4973A522B4F5A9000620075 /* Features */,
				E4973A322B4F57BB00620075 /* Shared UI Helpers */,
				E4973A312B4F575200620075 /* Supporting Files */,
				E4973A112B4F56AE00620075 /* Info.plist */,
			);
			path = JapanCastleBookiOS;
			sourceTree = "<group>";
		};
		E4973A192B4F56AE00620075 /* JapanCastleBookiOSTests */ = {
			isa = PBXGroup;
			children = (
				E4973A1A2B4F56AE00620075 /* JapanCastleBookiOSTests.swift */,
			);
			path = JapanCastleBookiOSTests;
			sourceTree = "<group>";
		};
		E4973A312B4F575200620075 /* Supporting Files */ = {
			isa = PBXGroup;
			children = (
				E4973A002B4F56AD00620075 /* AppDelegate.swift */,
				E4973A022B4F56AD00620075 /* SceneDelegate.swift */,
				E4973A0C2B4F56AE00620075 /* Assets.xcassets */,
				E4973A0E2B4F56AE00620075 /* LaunchScreen.storyboard */,
				E4973A092B4F56AD00620075 /* JapanCastleBookiOS.xcdatamodeld */,
			);
			path = "Supporting Files";
			sourceTree = "<group>";
		};
		E4973A322B4F57BB00620075 /* Shared UI Helpers */ = {
			isa = PBXGroup;
			children = (
				E4973A332B4F57CA00620075 /* Core */,
				E4973A462B4F58D100620075 /* Theme */,
				E4973A492B4F58EE00620075 /* Localization */,
			);
			path = "Shared UI Helpers";
			sourceTree = "<group>";
		};
		E4973A332B4F57CA00620075 /* Core */ = {
			isa = PBXGroup;
			children = (
				E4973A392B4F57FD00620075 /* Base.swift */,
				E4973A342B4F57D000620075 /* ViewController.swift */,
			);
			path = Core;
			sourceTree = "<group>";
		};
		E4973A3B2B4F580800620075 /* Navigation */ = {
			isa = PBXGroup;
			children = (
				E4973A402B4F586C00620075 /* Helpers */,
				E4973A3C2B4F581B00620075 /* Coordinator.swift */,
				E4973A3E2B4F585C00620075 /* AppCoordinator.swift */,
				E4973A442B4F589000620075 /* TabCoordinator.swift */,
				E4973A502B4F5A6500620075 /* CastleListCoordinator.swift */,
			);
			path = Navigation;
			sourceTree = "<group>";
		};
		E4973A402B4F586C00620075 /* Helpers */ = {
			isa = PBXGroup;
			children = (
				E4973A422B4F587E00620075 /* CoordinatorFactory.swift */,
			);
			path = Helpers;
			sourceTree = "<group>";
		};
		E4973A462B4F58D100620075 /* Theme */ = {
			isa = PBXGroup;
			children = (
				E4973A472B4F58DB00620075 /* Icon.swift */,
			);
			path = Theme;
			sourceTree = "<group>";
		};
		E4973A492B4F58EE00620075 /* Localization */ = {
			isa = PBXGroup;
			children = (
				E4973A4A2B4F58FC00620075 /* Text.swift */,
				E4973A4C2B4F590600620075 /* Text+TabCoordinator.swift */,
				E4973A4E2B4F593600620075 /* Localizable.xcstrings */,
			);
			path = Localization;
			sourceTree = "<group>";
		};
		E4973A522B4F5A9000620075 /* Features */ = {
			isa = PBXGroup;
			children = (
				E4973A572B4F5AE100620075 /* Castle List */,
			);
			path = Features;
			sourceTree = "<group>";
		};
		E4973A572B4F5AE100620075 /* Castle List */ = {
			isa = PBXGroup;
			children = (
			);
			path = "Castle List";
			sourceTree = "<group>";
		};
		E4973A582B4F5B6200620075 /* Frameworks */ = {
			isa = PBXGroup;
			children = (
			);
			name = Frameworks;
			sourceTree = "<group>";
		};
/* End PBXGroup section */

/* Begin PBXHeadersBuildPhase section */
		E4079E532B4EF16C0035578C /* Headers */ = {
			isa = PBXHeadersBuildPhase;
			buildActionMask = 2147483647;
			files = (
				E4079E672B4EF16C0035578C /* JapanCastleBook.h in Headers */,
			);
			runOnlyForDeploymentPostprocessing = 0;
		};
/* End PBXHeadersBuildPhase section */

/* Begin PBXNativeTarget section */
		E4079E572B4EF16C0035578C /* JapanCastleBook */ = {
			isa = PBXNativeTarget;
			buildConfigurationList = E4079E6A2B4EF16C0035578C /* Build configuration list for PBXNativeTarget "JapanCastleBook" */;
			buildPhases = (
				E4079E532B4EF16C0035578C /* Headers */,
				E4079E542B4EF16C0035578C /* Sources */,
				E4079E552B4EF16C0035578C /* Frameworks */,
				E4079E562B4EF16C0035578C /* Resources */,
			);
			buildRules = (
			);
			dependencies = (
			);
			name = JapanCastleBook;
			productName = JapanCastleBook;
			productReference = E4079E582B4EF16C0035578C /* JapanCastleBook.framework */;
			productType = "com.apple.product-type.framework";
		};
		E4079E5F2B4EF16C0035578C /* JapanCastleBookTests */ = {
			isa = PBXNativeTarget;
			buildConfigurationList = E4079E6D2B4EF16C0035578C /* Build configuration list for PBXNativeTarget "JapanCastleBookTests" */;
			buildPhases = (
				E4079E5C2B4EF16C0035578C /* Sources */,
				E4079E5D2B4EF16C0035578C /* Frameworks */,
				E4079E5E2B4EF16C0035578C /* Resources */,
			);
			buildRules = (
			);
			dependencies = (
				E4079E632B4EF16C0035578C /* PBXTargetDependency */,
			);
			name = JapanCastleBookTests;
			productName = JapanCastleBookTests;
			productReference = E4079E602B4EF16C0035578C /* JapanCastleBookTests.xctest */;
			productType = "com.apple.product-type.bundle.unit-test";
		};
		E49739FD2B4F56AD00620075 /* JapanCastleBookiOS */ = {
			isa = PBXNativeTarget;
			buildConfigurationList = E4973A282B4F56AF00620075 /* Build configuration list for PBXNativeTarget "JapanCastleBookiOS" */;
			buildPhases = (
				E49739FA2B4F56AD00620075 /* Sources */,
				E49739FB2B4F56AD00620075 /* Frameworks */,
				E49739FC2B4F56AD00620075 /* Resources */,
				E4973A5D2B4F5B6300620075 /* Embed Frameworks */,
			);
			buildRules = (
			);
			dependencies = (
				E4973A5C2B4F5B6300620075 /* PBXTargetDependency */,
			);
			name = JapanCastleBookiOS;
			packageProductDependencies = (
				E4973A372B4F57EB00620075 /* SnapKit */,
			);
			productName = JapanCastleBookiOS;
			productReference = E49739FE2B4F56AD00620075 /* JapanCastleBookiOS.app */;
			productType = "com.apple.product-type.application";
		};
		E4973A152B4F56AE00620075 /* JapanCastleBookiOSTests */ = {
			isa = PBXNativeTarget;
			buildConfigurationList = E4973A2B2B4F56AF00620075 /* Build configuration list for PBXNativeTarget "JapanCastleBookiOSTests" */;
			buildPhases = (
				E4973A122B4F56AE00620075 /* Sources */,
				E4973A132B4F56AE00620075 /* Frameworks */,
				E4973A142B4F56AE00620075 /* Resources */,
			);
			buildRules = (
			);
			dependencies = (
				E4973A182B4F56AE00620075 /* PBXTargetDependency */,
			);
			name = JapanCastleBookiOSTests;
			productName = JapanCastleBookiOSTests;
			productReference = E4973A162B4F56AE00620075 /* JapanCastleBookiOSTests.xctest */;
			productType = "com.apple.product-type.bundle.unit-test";
		};
/* End PBXNativeTarget section */

/* Begin PBXProject section */
		E4079E4F2B4EF16C0035578C /* Project object */ = {
			isa = PBXProject;
			attributes = {
				BuildIndependentTargetsInParallel = 1;
				LastSwiftUpdateCheck = 1500;
				LastUpgradeCheck = 1500;
				TargetAttributes = {
					E4079E572B4EF16C0035578C = {
						CreatedOnToolsVersion = 15.0.1;
						LastSwiftMigration = 1500;
					};
					E4079E5F2B4EF16C0035578C = {
						CreatedOnToolsVersion = 15.0.1;
						LastSwiftMigration = 1500;
					};
					E49739FD2B4F56AD00620075 = {
						CreatedOnToolsVersion = 15.0.1;
					};
					E4973A152B4F56AE00620075 = {
						CreatedOnToolsVersion = 15.0.1;
						TestTargetID = E49739FD2B4F56AD00620075;
					};
				};
			};
			buildConfigurationList = E4079E522B4EF16C0035578C /* Build configuration list for PBXProject "JapanCastleBook" */;
			compatibilityVersion = "Xcode 14.0";
			developmentRegion = en;
			hasScannedForEncodings = 0;
			knownRegions = (
				en,
				Base,
			);
			mainGroup = E4079E4E2B4EF16C0035578C;
			packageReferences = (
				E4973A362B4F57EB00620075 /* XCRemoteSwiftPackageReference "SnapKit" */,
			);
			productRefGroup = E4079E592B4EF16C0035578C /* Products */;
			projectDirPath = "";
			projectRoot = "";
			targets = (
				E4079E572B4EF16C0035578C /* JapanCastleBook */,
				E4079E5F2B4EF16C0035578C /* JapanCastleBookTests */,
				E49739FD2B4F56AD00620075 /* JapanCastleBookiOS */,
				E4973A152B4F56AE00620075 /* JapanCastleBookiOSTests */,
			);
		};
/* End PBXProject section */

/* Begin PBXResourcesBuildPhase section */
		E4079E562B4EF16C0035578C /* Resources */ = {
			isa = PBXResourcesBuildPhase;
			buildActionMask = 2147483647;
			files = (
				E49739F52B4F54C400620075 /* castles.json in Resources */,
			);
			runOnlyForDeploymentPostprocessing = 0;
		};
		E4079E5E2B4EF16C0035578C /* Resources */ = {
			isa = PBXResourcesBuildPhase;
			buildActionMask = 2147483647;
			files = (
				E49739F42B4F54C300620075 /* castles.json in Resources */,
			);
			runOnlyForDeploymentPostprocessing = 0;
		};
		E49739FC2B4F56AD00620075 /* Resources */ = {
			isa = PBXResourcesBuildPhase;
			buildActionMask = 2147483647;
			files = (
				E4973A102B4F56AE00620075 /* LaunchScreen.storyboard in Resources */,
				E4973A0D2B4F56AE00620075 /* Assets.xcassets in Resources */,
				E4973A4F2B4F593600620075 /* Localizable.xcstrings in Resources */,
			);
			runOnlyForDeploymentPostprocessing = 0;
		};
		E4973A142B4F56AE00620075 /* Resources */ = {
			isa = PBXResourcesBuildPhase;
			buildActionMask = 2147483647;
			files = (
			);
			runOnlyForDeploymentPostprocessing = 0;
		};
/* End PBXResourcesBuildPhase section */

/* Begin PBXSourcesBuildPhase section */
		E4079E542B4EF16C0035578C /* Sources */ = {
			isa = PBXSourcesBuildPhase;
			buildActionMask = 2147483647;
			files = (
				E49739ED2B4F4F6000620075 /* Castle.swift in Sources */,
				E49739E72B4F4DCA00620075 /* CastleItemMapper.swift in Sources */,
				E49739EF2B4F543900620075 /* CastleService.swift in Sources */,
				E49739F12B4F544C00620075 /* LocalCastleService.swift in Sources */,
			);
			runOnlyForDeploymentPostprocessing = 0;
		};
		E4079E5C2B4EF16C0035578C /* Sources */ = {
			isa = PBXSourcesBuildPhase;
			buildActionMask = 2147483647;
			files = (
				E49739F32B4F547100620075 /* LocalCastleServiceIntegrationTests.swift in Sources */,
				E49739E42B4F4D8E00620075 /* CastleItemMapperTests.swift in Sources */,
				E49739F72B4F563C00620075 /* XCTestCase+MemoryLeakTracking.swift in Sources */,
			);
			runOnlyForDeploymentPostprocessing = 0;
		};
		E49739FA2B4F56AD00620075 /* Sources */ = {
			isa = PBXSourcesBuildPhase;
			buildActionMask = 2147483647;
			files = (
				E4973A012B4F56AD00620075 /* AppDelegate.swift in Sources */,
				E4973A452B4F589000620075 /* TabCoordinator.swift in Sources */,
				E4973A032B4F56AD00620075 /* SceneDelegate.swift in Sources */,
				E4973A3D2B4F581B00620075 /* Coordinator.swift in Sources */,
				E4973A432B4F587E00620075 /* CoordinatorFactory.swift in Sources */,
				E4973A3A2B4F57FD00620075 /* Base.swift in Sources */,
				E4973A352B4F57D000620075 /* ViewController.swift in Sources */,
				E4973A0B2B4F56AD00620075 /* JapanCastleBookiOS.xcdatamodeld in Sources */,
				E4973A512B4F5A6500620075 /* CastleListCoordinator.swift in Sources */,
				E4973A482B4F58DB00620075 /* Icon.swift in Sources */,
				E4973A4B2B4F58FC00620075 /* Text.swift in Sources */,
				E4973A3F2B4F585C00620075 /* AppCoordinator.swift in Sources */,
				E4973A4D2B4F590600620075 /* Text+TabCoordinator.swift in Sources */,
			);
			runOnlyForDeploymentPostprocessing = 0;
		};
		E4973A122B4F56AE00620075 /* Sources */ = {
			isa = PBXSourcesBuildPhase;
			buildActionMask = 2147483647;
			files = (
				E4973A1B2B4F56AE00620075 /* JapanCastleBookiOSTests.swift in Sources */,
			);
			runOnlyForDeploymentPostprocessing = 0;
		};
/* End PBXSourcesBuildPhase section */

/* Begin PBXTargetDependency section */
		E4079E632B4EF16C0035578C /* PBXTargetDependency */ = {
			isa = PBXTargetDependency;
			target = E4079E572B4EF16C0035578C /* JapanCastleBook */;
			targetProxy = E4079E622B4EF16C0035578C /* PBXContainerItemProxy */;
		};
		E4973A182B4F56AE00620075 /* PBXTargetDependency */ = {
			isa = PBXTargetDependency;
			target = E49739FD2B4F56AD00620075 /* JapanCastleBookiOS */;
			targetProxy = E4973A172B4F56AE00620075 /* PBXContainerItemProxy */;
		};
		E4973A5C2B4F5B6300620075 /* PBXTargetDependency */ = {
			isa = PBXTargetDependency;
			target = E4079E572B4EF16C0035578C /* JapanCastleBook */;
			targetProxy = E4973A5B2B4F5B6300620075 /* PBXContainerItemProxy */;
		};
/* End PBXTargetDependency section */

/* Begin PBXVariantGroup section */
		E4973A0E2B4F56AE00620075 /* LaunchScreen.storyboard */ = {
			isa = PBXVariantGroup;
			children = (
				E4973A0F2B4F56AE00620075 /* Base */,
			);
			name = LaunchScreen.storyboard;
			sourceTree = "<group>";
		};
/* End PBXVariantGroup section */

/* Begin XCBuildConfiguration section */
		E4079E682B4EF16C0035578C /* Debug */ = {
			isa = XCBuildConfiguration;
			buildSettings = {
				ALWAYS_SEARCH_USER_PATHS = NO;
				ASSETCATALOG_COMPILER_GENERATE_SWIFT_ASSET_SYMBOL_EXTENSIONS = YES;
				CLANG_ANALYZER_NONNULL = YES;
				CLANG_ANALYZER_NUMBER_OBJECT_CONVERSION = YES_AGGRESSIVE;
				CLANG_CXX_LANGUAGE_STANDARD = "gnu++20";
				CLANG_ENABLE_MODULES = YES;
				CLANG_ENABLE_OBJC_ARC = YES;
				CLANG_ENABLE_OBJC_WEAK = YES;
				CLANG_WARN_BLOCK_CAPTURE_AUTORELEASING = YES;
				CLANG_WARN_BOOL_CONVERSION = YES;
				CLANG_WARN_COMMA = YES;
				CLANG_WARN_CONSTANT_CONVERSION = YES;
				CLANG_WARN_DEPRECATED_OBJC_IMPLEMENTATIONS = YES;
				CLANG_WARN_DIRECT_OBJC_ISA_USAGE = YES_ERROR;
				CLANG_WARN_DOCUMENTATION_COMMENTS = YES;
				CLANG_WARN_EMPTY_BODY = YES;
				CLANG_WARN_ENUM_CONVERSION = YES;
				CLANG_WARN_INFINITE_RECURSION = YES;
				CLANG_WARN_INT_CONVERSION = YES;
				CLANG_WARN_NON_LITERAL_NULL_CONVERSION = YES;
				CLANG_WARN_OBJC_IMPLICIT_RETAIN_SELF = YES;
				CLANG_WARN_OBJC_LITERAL_CONVERSION = YES;
				CLANG_WARN_OBJC_ROOT_CLASS = YES_ERROR;
				CLANG_WARN_QUOTED_INCLUDE_IN_FRAMEWORK_HEADER = YES;
				CLANG_WARN_RANGE_LOOP_ANALYSIS = YES;
				CLANG_WARN_STRICT_PROTOTYPES = YES;
				CLANG_WARN_SUSPICIOUS_MOVE = YES;
				CLANG_WARN_UNGUARDED_AVAILABILITY = YES_AGGRESSIVE;
				CLANG_WARN_UNREACHABLE_CODE = YES;
				CLANG_WARN__DUPLICATE_METHOD_MATCH = YES;
				COPY_PHASE_STRIP = NO;
				CURRENT_PROJECT_VERSION = 1;
				DEBUG_INFORMATION_FORMAT = dwarf;
				ENABLE_STRICT_OBJC_MSGSEND = YES;
				ENABLE_TESTABILITY = YES;
				ENABLE_USER_SCRIPT_SANDBOXING = YES;
				GCC_C_LANGUAGE_STANDARD = gnu17;
				GCC_DYNAMIC_NO_PIC = NO;
				GCC_NO_COMMON_BLOCKS = YES;
				GCC_OPTIMIZATION_LEVEL = 0;
				GCC_PREPROCESSOR_DEFINITIONS = (
					"DEBUG=1",
					"$(inherited)",
				);
				GCC_WARN_64_TO_32_BIT_CONVERSION = YES;
				GCC_WARN_ABOUT_RETURN_TYPE = YES_ERROR;
				GCC_WARN_UNDECLARED_SELECTOR = YES;
				GCC_WARN_UNINITIALIZED_AUTOS = YES_AGGRESSIVE;
				GCC_WARN_UNUSED_FUNCTION = YES;
				GCC_WARN_UNUSED_VARIABLE = YES;
				LOCALIZATION_PREFERS_STRING_CATALOGS = YES;
				MTL_ENABLE_DEBUG_INFO = INCLUDE_SOURCE;
				MTL_FAST_MATH = YES;
				ONLY_ACTIVE_ARCH = YES;
				SWIFT_ACTIVE_COMPILATION_CONDITIONS = "DEBUG $(inherited)";
				SWIFT_OPTIMIZATION_LEVEL = "-Onone";
				VERSIONING_SYSTEM = "apple-generic";
				VERSION_INFO_PREFIX = "";
			};
			name = Debug;
		};
		E4079E692B4EF16C0035578C /* Release */ = {
			isa = XCBuildConfiguration;
			buildSettings = {
				ALWAYS_SEARCH_USER_PATHS = NO;
				ASSETCATALOG_COMPILER_GENERATE_SWIFT_ASSET_SYMBOL_EXTENSIONS = YES;
				CLANG_ANALYZER_NONNULL = YES;
				CLANG_ANALYZER_NUMBER_OBJECT_CONVERSION = YES_AGGRESSIVE;
				CLANG_CXX_LANGUAGE_STANDARD = "gnu++20";
				CLANG_ENABLE_MODULES = YES;
				CLANG_ENABLE_OBJC_ARC = YES;
				CLANG_ENABLE_OBJC_WEAK = YES;
				CLANG_WARN_BLOCK_CAPTURE_AUTORELEASING = YES;
				CLANG_WARN_BOOL_CONVERSION = YES;
				CLANG_WARN_COMMA = YES;
				CLANG_WARN_CONSTANT_CONVERSION = YES;
				CLANG_WARN_DEPRECATED_OBJC_IMPLEMENTATIONS = YES;
				CLANG_WARN_DIRECT_OBJC_ISA_USAGE = YES_ERROR;
				CLANG_WARN_DOCUMENTATION_COMMENTS = YES;
				CLANG_WARN_EMPTY_BODY = YES;
				CLANG_WARN_ENUM_CONVERSION = YES;
				CLANG_WARN_INFINITE_RECURSION = YES;
				CLANG_WARN_INT_CONVERSION = YES;
				CLANG_WARN_NON_LITERAL_NULL_CONVERSION = YES;
				CLANG_WARN_OBJC_IMPLICIT_RETAIN_SELF = YES;
				CLANG_WARN_OBJC_LITERAL_CONVERSION = YES;
				CLANG_WARN_OBJC_ROOT_CLASS = YES_ERROR;
				CLANG_WARN_QUOTED_INCLUDE_IN_FRAMEWORK_HEADER = YES;
				CLANG_WARN_RANGE_LOOP_ANALYSIS = YES;
				CLANG_WARN_STRICT_PROTOTYPES = YES;
				CLANG_WARN_SUSPICIOUS_MOVE = YES;
				CLANG_WARN_UNGUARDED_AVAILABILITY = YES_AGGRESSIVE;
				CLANG_WARN_UNREACHABLE_CODE = YES;
				CLANG_WARN__DUPLICATE_METHOD_MATCH = YES;
				COPY_PHASE_STRIP = NO;
				CURRENT_PROJECT_VERSION = 1;
				DEBUG_INFORMATION_FORMAT = "dwarf-with-dsym";
				ENABLE_NS_ASSERTIONS = NO;
				ENABLE_STRICT_OBJC_MSGSEND = YES;
				ENABLE_USER_SCRIPT_SANDBOXING = YES;
				GCC_C_LANGUAGE_STANDARD = gnu17;
				GCC_NO_COMMON_BLOCKS = YES;
				GCC_WARN_64_TO_32_BIT_CONVERSION = YES;
				GCC_WARN_ABOUT_RETURN_TYPE = YES_ERROR;
				GCC_WARN_UNDECLARED_SELECTOR = YES;
				GCC_WARN_UNINITIALIZED_AUTOS = YES_AGGRESSIVE;
				GCC_WARN_UNUSED_FUNCTION = YES;
				GCC_WARN_UNUSED_VARIABLE = YES;
				LOCALIZATION_PREFERS_STRING_CATALOGS = YES;
				MTL_ENABLE_DEBUG_INFO = NO;
				MTL_FAST_MATH = YES;
				SWIFT_COMPILATION_MODE = wholemodule;
				VERSIONING_SYSTEM = "apple-generic";
				VERSION_INFO_PREFIX = "";
			};
			name = Release;
		};
		E4079E6B2B4EF16C0035578C /* Debug */ = {
			isa = XCBuildConfiguration;
			buildSettings = {
				CLANG_ENABLE_MODULES = YES;
				CODE_SIGN_STYLE = Automatic;
				CURRENT_PROJECT_VERSION = 1;
				DEFINES_MODULE = YES;
				DEVELOPMENT_TEAM = Q83M63VYW4;
				DYLIB_COMPATIBILITY_VERSION = 1;
				DYLIB_CURRENT_VERSION = 1;
				DYLIB_INSTALL_NAME_BASE = "@rpath";
				ENABLE_MODULE_VERIFIER = YES;
				GENERATE_INFOPLIST_FILE = YES;
				INFOPLIST_KEY_NSHumanReadableCopyright = "";
				INSTALL_PATH = "$(LOCAL_LIBRARY_DIR)/Frameworks";
				IPHONEOS_DEPLOYMENT_TARGET = 17.0;
				LD_RUNPATH_SEARCH_PATHS = (
					"@executable_path/Frameworks",
					"@loader_path/Frameworks",
				);
				"LD_RUNPATH_SEARCH_PATHS[sdk=macosx*]" = (
					"@executable_path/../Frameworks",
					"@loader_path/Frameworks",
				);
				MACOSX_DEPLOYMENT_TARGET = 14.0;
				MARKETING_VERSION = 1.0;
				MODULE_VERIFIER_SUPPORTED_LANGUAGES = "objective-c objective-c++";
				MODULE_VERIFIER_SUPPORTED_LANGUAGE_STANDARDS = "gnu17 gnu++20";
				PRODUCT_BUNDLE_IDENTIFIER = com.muhuiyu.JapanCastleBook;
				PRODUCT_NAME = "$(TARGET_NAME:c99extidentifier)";
				SDKROOT = auto;
				SKIP_INSTALL = YES;
				SUPPORTED_PLATFORMS = "iphoneos iphonesimulator macosx";
				SWIFT_EMIT_LOC_STRINGS = YES;
				SWIFT_OPTIMIZATION_LEVEL = "-Onone";
				SWIFT_VERSION = 5.0;
				TARGETED_DEVICE_FAMILY = "1,2";
			};
			name = Debug;
		};
		E4079E6C2B4EF16C0035578C /* Release */ = {
			isa = XCBuildConfiguration;
			buildSettings = {
				CLANG_ENABLE_MODULES = YES;
				CODE_SIGN_STYLE = Automatic;
				CURRENT_PROJECT_VERSION = 1;
				DEFINES_MODULE = YES;
				DEVELOPMENT_TEAM = Q83M63VYW4;
				DYLIB_COMPATIBILITY_VERSION = 1;
				DYLIB_CURRENT_VERSION = 1;
				DYLIB_INSTALL_NAME_BASE = "@rpath";
				ENABLE_MODULE_VERIFIER = YES;
				GENERATE_INFOPLIST_FILE = YES;
				INFOPLIST_KEY_NSHumanReadableCopyright = "";
				INSTALL_PATH = "$(LOCAL_LIBRARY_DIR)/Frameworks";
				IPHONEOS_DEPLOYMENT_TARGET = 17.0;
				LD_RUNPATH_SEARCH_PATHS = (
					"@executable_path/Frameworks",
					"@loader_path/Frameworks",
				);
				"LD_RUNPATH_SEARCH_PATHS[sdk=macosx*]" = (
					"@executable_path/../Frameworks",
					"@loader_path/Frameworks",
				);
				MACOSX_DEPLOYMENT_TARGET = 14.0;
				MARKETING_VERSION = 1.0;
				MODULE_VERIFIER_SUPPORTED_LANGUAGES = "objective-c objective-c++";
				MODULE_VERIFIER_SUPPORTED_LANGUAGE_STANDARDS = "gnu17 gnu++20";
				PRODUCT_BUNDLE_IDENTIFIER = com.muhuiyu.JapanCastleBook;
				PRODUCT_NAME = "$(TARGET_NAME:c99extidentifier)";
				SDKROOT = auto;
				SKIP_INSTALL = YES;
				SUPPORTED_PLATFORMS = "iphoneos iphonesimulator macosx";
				SWIFT_EMIT_LOC_STRINGS = YES;
				SWIFT_VERSION = 5.0;
				TARGETED_DEVICE_FAMILY = "1,2";
			};
			name = Release;
		};
		E4079E6E2B4EF16C0035578C /* Debug */ = {
			isa = XCBuildConfiguration;
			buildSettings = {
				ALWAYS_EMBED_SWIFT_STANDARD_LIBRARIES = YES;
				CLANG_ENABLE_MODULES = YES;
				CODE_SIGN_STYLE = Automatic;
				CURRENT_PROJECT_VERSION = 1;
				DEVELOPMENT_TEAM = Q83M63VYW4;
				GENERATE_INFOPLIST_FILE = YES;
				IPHONEOS_DEPLOYMENT_TARGET = 17.0;
				MACOSX_DEPLOYMENT_TARGET = 14.0;
				MARKETING_VERSION = 1.0;
				PRODUCT_BUNDLE_IDENTIFIER = com.muhuiyu.JapanCastleBookTests;
				PRODUCT_NAME = "$(TARGET_NAME)";
				SDKROOT = auto;
				SUPPORTED_PLATFORMS = "iphoneos iphonesimulator macosx";
				SWIFT_EMIT_LOC_STRINGS = NO;
				SWIFT_OPTIMIZATION_LEVEL = "-Onone";
				SWIFT_VERSION = 5.0;
				TARGETED_DEVICE_FAMILY = "1,2";
			};
			name = Debug;
		};
		E4079E6F2B4EF16C0035578C /* Release */ = {
			isa = XCBuildConfiguration;
			buildSettings = {
				ALWAYS_EMBED_SWIFT_STANDARD_LIBRARIES = YES;
				CLANG_ENABLE_MODULES = YES;
				CODE_SIGN_STYLE = Automatic;
				CURRENT_PROJECT_VERSION = 1;
				DEVELOPMENT_TEAM = Q83M63VYW4;
				GENERATE_INFOPLIST_FILE = YES;
				IPHONEOS_DEPLOYMENT_TARGET = 17.0;
				MACOSX_DEPLOYMENT_TARGET = 14.0;
				MARKETING_VERSION = 1.0;
				PRODUCT_BUNDLE_IDENTIFIER = com.muhuiyu.JapanCastleBookTests;
				PRODUCT_NAME = "$(TARGET_NAME)";
				SDKROOT = auto;
				SUPPORTED_PLATFORMS = "iphoneos iphonesimulator macosx";
				SWIFT_EMIT_LOC_STRINGS = NO;
				SWIFT_VERSION = 5.0;
				TARGETED_DEVICE_FAMILY = "1,2";
			};
			name = Release;
		};
		E4973A292B4F56AF00620075 /* Debug */ = {
			isa = XCBuildConfiguration;
			buildSettings = {
				ASSETCATALOG_COMPILER_APPICON_NAME = AppIcon;
				ASSETCATALOG_COMPILER_GLOBAL_ACCENT_COLOR_NAME = AccentColor;
				CODE_SIGN_STYLE = Automatic;
				CURRENT_PROJECT_VERSION = 1;
				DEVELOPMENT_TEAM = Q83M63VYW4;
				GENERATE_INFOPLIST_FILE = YES;
				INFOPLIST_FILE = JapanCastleBookiOS/Info.plist;
				INFOPLIST_KEY_UIApplicationSupportsIndirectInputEvents = YES;
				INFOPLIST_KEY_UILaunchStoryboardName = LaunchScreen;
				INFOPLIST_KEY_UISupportedInterfaceOrientations_iPad = "UIInterfaceOrientationPortrait UIInterfaceOrientationPortraitUpsideDown UIInterfaceOrientationLandscapeLeft UIInterfaceOrientationLandscapeRight";
				INFOPLIST_KEY_UISupportedInterfaceOrientations_iPhone = "UIInterfaceOrientationPortrait UIInterfaceOrientationLandscapeLeft UIInterfaceOrientationLandscapeRight";
				IPHONEOS_DEPLOYMENT_TARGET = 17.0;
				LD_RUNPATH_SEARCH_PATHS = (
					"$(inherited)",
					"@executable_path/Frameworks",
				);
				MARKETING_VERSION = 1.0;
				PRODUCT_BUNDLE_IDENTIFIER = com.muhuiyu.JapanCastleBookiOS;
				PRODUCT_NAME = "$(TARGET_NAME)";
				SDKROOT = iphoneos;
				SWIFT_EMIT_LOC_STRINGS = YES;
				SWIFT_VERSION = 5.0;
				TARGETED_DEVICE_FAMILY = "1,2";
			};
			name = Debug;
		};
		E4973A2A2B4F56AF00620075 /* Release */ = {
			isa = XCBuildConfiguration;
			buildSettings = {
				ASSETCATALOG_COMPILER_APPICON_NAME = AppIcon;
				ASSETCATALOG_COMPILER_GLOBAL_ACCENT_COLOR_NAME = AccentColor;
				CODE_SIGN_STYLE = Automatic;
				CURRENT_PROJECT_VERSION = 1;
				DEVELOPMENT_TEAM = Q83M63VYW4;
				GENERATE_INFOPLIST_FILE = YES;
				INFOPLIST_FILE = JapanCastleBookiOS/Info.plist;
				INFOPLIST_KEY_UIApplicationSupportsIndirectInputEvents = YES;
				INFOPLIST_KEY_UILaunchStoryboardName = LaunchScreen;
				INFOPLIST_KEY_UISupportedInterfaceOrientations_iPad = "UIInterfaceOrientationPortrait UIInterfaceOrientationPortraitUpsideDown UIInterfaceOrientationLandscapeLeft UIInterfaceOrientationLandscapeRight";
				INFOPLIST_KEY_UISupportedInterfaceOrientations_iPhone = "UIInterfaceOrientationPortrait UIInterfaceOrientationLandscapeLeft UIInterfaceOrientationLandscapeRight";
				IPHONEOS_DEPLOYMENT_TARGET = 17.0;
				LD_RUNPATH_SEARCH_PATHS = (
					"$(inherited)",
					"@executable_path/Frameworks",
				);
				MARKETING_VERSION = 1.0;
				PRODUCT_BUNDLE_IDENTIFIER = com.muhuiyu.JapanCastleBookiOS;
				PRODUCT_NAME = "$(TARGET_NAME)";
				SDKROOT = iphoneos;
				SWIFT_EMIT_LOC_STRINGS = YES;
				SWIFT_VERSION = 5.0;
				TARGETED_DEVICE_FAMILY = "1,2";
				VALIDATE_PRODUCT = YES;
			};
			name = Release;
		};
		E4973A2C2B4F56AF00620075 /* Debug */ = {
			isa = XCBuildConfiguration;
			buildSettings = {
				ALWAYS_EMBED_SWIFT_STANDARD_LIBRARIES = YES;
				BUNDLE_LOADER = "$(TEST_HOST)";
				CODE_SIGN_STYLE = Automatic;
				CURRENT_PROJECT_VERSION = 1;
				DEVELOPMENT_TEAM = Q83M63VYW4;
				GENERATE_INFOPLIST_FILE = YES;
				IPHONEOS_DEPLOYMENT_TARGET = 17.0;
				MARKETING_VERSION = 1.0;
				PRODUCT_BUNDLE_IDENTIFIER = com.muhuiyu.JapanCastleBookiOSTests;
				PRODUCT_NAME = "$(TARGET_NAME)";
				SDKROOT = iphoneos;
				SWIFT_EMIT_LOC_STRINGS = NO;
				SWIFT_VERSION = 5.0;
				TARGETED_DEVICE_FAMILY = "1,2";
				TEST_HOST = "$(BUILT_PRODUCTS_DIR)/JapanCastleBookiOS.app/$(BUNDLE_EXECUTABLE_FOLDER_PATH)/JapanCastleBookiOS";
			};
			name = Debug;
		};
		E4973A2D2B4F56AF00620075 /* Release */ = {
			isa = XCBuildConfiguration;
			buildSettings = {
				ALWAYS_EMBED_SWIFT_STANDARD_LIBRARIES = YES;
				BUNDLE_LOADER = "$(TEST_HOST)";
				CODE_SIGN_STYLE = Automatic;
				CURRENT_PROJECT_VERSION = 1;
				DEVELOPMENT_TEAM = Q83M63VYW4;
				GENERATE_INFOPLIST_FILE = YES;
				IPHONEOS_DEPLOYMENT_TARGET = 17.0;
				MARKETING_VERSION = 1.0;
				PRODUCT_BUNDLE_IDENTIFIER = com.muhuiyu.JapanCastleBookiOSTests;
				PRODUCT_NAME = "$(TARGET_NAME)";
				SDKROOT = iphoneos;
				SWIFT_EMIT_LOC_STRINGS = NO;
				SWIFT_VERSION = 5.0;
				TARGETED_DEVICE_FAMILY = "1,2";
				TEST_HOST = "$(BUILT_PRODUCTS_DIR)/JapanCastleBookiOS.app/$(BUNDLE_EXECUTABLE_FOLDER_PATH)/JapanCastleBookiOS";
				VALIDATE_PRODUCT = YES;
			};
			name = Release;
		};
/* End XCBuildConfiguration section */

/* Begin XCConfigurationList section */
		E4079E522B4EF16C0035578C /* Build configuration list for PBXProject "JapanCastleBook" */ = {
			isa = XCConfigurationList;
			buildConfigurations = (
				E4079E682B4EF16C0035578C /* Debug */,
				E4079E692B4EF16C0035578C /* Release */,
			);
			defaultConfigurationIsVisible = 0;
			defaultConfigurationName = Release;
		};
		E4079E6A2B4EF16C0035578C /* Build configuration list for PBXNativeTarget "JapanCastleBook" */ = {
			isa = XCConfigurationList;
			buildConfigurations = (
				E4079E6B2B4EF16C0035578C /* Debug */,
				E4079E6C2B4EF16C0035578C /* Release */,
			);
			defaultConfigurationIsVisible = 0;
			defaultConfigurationName = Release;
		};
		E4079E6D2B4EF16C0035578C /* Build configuration list for PBXNativeTarget "JapanCastleBookTests" */ = {
			isa = XCConfigurationList;
			buildConfigurations = (
				E4079E6E2B4EF16C0035578C /* Debug */,
				E4079E6F2B4EF16C0035578C /* Release */,
			);
			defaultConfigurationIsVisible = 0;
			defaultConfigurationName = Release;
		};
		E4973A282B4F56AF00620075 /* Build configuration list for PBXNativeTarget "JapanCastleBookiOS" */ = {
			isa = XCConfigurationList;
			buildConfigurations = (
				E4973A292B4F56AF00620075 /* Debug */,
				E4973A2A2B4F56AF00620075 /* Release */,
			);
			defaultConfigurationIsVisible = 0;
			defaultConfigurationName = Release;
		};
		E4973A2B2B4F56AF00620075 /* Build configuration list for PBXNativeTarget "JapanCastleBookiOSTests" */ = {
			isa = XCConfigurationList;
			buildConfigurations = (
				E4973A2C2B4F56AF00620075 /* Debug */,
				E4973A2D2B4F56AF00620075 /* Release */,
			);
			defaultConfigurationIsVisible = 0;
			defaultConfigurationName = Release;
		};
/* End XCConfigurationList section */

/* Begin XCRemoteSwiftPackageReference section */
		E4973A362B4F57EB00620075 /* XCRemoteSwiftPackageReference "SnapKit" */ = {
			isa = XCRemoteSwiftPackageReference;
			repositoryURL = "https://github.com/SnapKit/SnapKit";
			requirement = {
				kind = upToNextMajorVersion;
				minimumVersion = 5.7.0;
			};
		};
/* End XCRemoteSwiftPackageReference section */

/* Begin XCSwiftPackageProductDependency section */
		E4973A372B4F57EB00620075 /* SnapKit */ = {
			isa = XCSwiftPackageProductDependency;
			package = E4973A362B4F57EB00620075 /* XCRemoteSwiftPackageReference "SnapKit" */;
			productName = SnapKit;
		};
/* End XCSwiftPackageProductDependency section */

/* Begin XCVersionGroup section */
		E4973A092B4F56AD00620075 /* JapanCastleBookiOS.xcdatamodeld */ = {
			isa = XCVersionGroup;
			children = (
				E4973A0A2B4F56AD00620075 /* JapanCastleBookiOS.xcdatamodel */,
			);
			currentVersion = E4973A0A2B4F56AD00620075 /* JapanCastleBookiOS.xcdatamodel */;
			path = JapanCastleBookiOS.xcdatamodeld;
			sourceTree = "<group>";
			versionGroupType = wrapper.xcdatamodel;
		};
/* End XCVersionGroup section */
	};
	rootObject = E4079E4F2B4EF16C0035578C /* Project object */;
}
